// !$*UTF8*$!
{
	archiveVersion = 1;
	classes = {
	};
	objectVersion = 56;
	objects = {

/* Begin PBXBuildFile section */
		7B1C1E7C2BB11C8200FC6ADB /* AppDelegate.swift in Sources */ = {isa = PBXBuildFile; fileRef = 7B1C1E7B2BB11C8200FC6ADB /* AppDelegate.swift */; };
		7B1C1E7E2BB11C8200FC6ADB /* SceneDelegate.swift in Sources */ = {isa = PBXBuildFile; fileRef = 7B1C1E7D2BB11C8200FC6ADB /* SceneDelegate.swift */; };
		7B1C1E802BB11C8200FC6ADB /* MainViewController.swift in Sources */ = {isa = PBXBuildFile; fileRef = 7B1C1E7F2BB11C8200FC6ADB /* MainViewController.swift */; };
		7B1C1E852BB11C8300FC6ADB /* Assets.xcassets in Resources */ = {isa = PBXBuildFile; fileRef = 7B1C1E842BB11C8300FC6ADB /* Assets.xcassets */; };
		7B1C1E882BB11C8300FC6ADB /* Base in Resources */ = {isa = PBXBuildFile; fileRef = 7B1C1E872BB11C8300FC6ADB /* Base */; };
		7BE08C6C2BB11D9F0086D17E /* WeatherData.swift in Sources */ = {isa = PBXBuildFile; fileRef = 7BE08C6B2BB11D9F0086D17E /* WeatherData.swift */; };
		7BE08C6E2BB11DB60086D17E /* WeatherService.swift in Sources */ = {isa = PBXBuildFile; fileRef = 7BE08C6D2BB11DB60086D17E /* WeatherService.swift */; };
		7BE08C702BB11DCF0086D17E /* WeeklyWeatherCollectionViewCell.swift in Sources */ = {isa = PBXBuildFile; fileRef = 7BE08C6F2BB11DCF0086D17E /* WeeklyWeatherCollectionViewCell.swift */; };
		7BE08C732BB11DEA0086D17E /* UIColor + Extension.swift in Sources */ = {isa = PBXBuildFile; fileRef = 7BE08C722BB11DEA0086D17E /* UIColor + Extension.swift */; };
/* End PBXBuildFile section */

/* Begin PBXFileReference section */
		7B1C1E782BB11C8200FC6ADB /* Weather App.app */ = {isa = PBXFileReference; explicitFileType = wrapper.application; includeInIndex = 0; path = "Weather App.app"; sourceTree = BUILT_PRODUCTS_DIR; };
		7B1C1E7B2BB11C8200FC6ADB /* AppDelegate.swift */ = {isa = PBXFileReference; lastKnownFileType = sourcecode.swift; path = AppDelegate.swift; sourceTree = "<group>"; };
		7B1C1E7D2BB11C8200FC6ADB /* SceneDelegate.swift */ = {isa = PBXFileReference; lastKnownFileType = sourcecode.swift; path = SceneDelegate.swift; sourceTree = "<group>"; };
		7B1C1E7F2BB11C8200FC6ADB /* MainViewController.swift */ = {isa = PBXFileReference; lastKnownFileType = sourcecode.swift; path = MainViewController.swift; sourceTree = "<group>"; };
		7B1C1E842BB11C8300FC6ADB /* Assets.xcassets */ = {isa = PBXFileReference; lastKnownFileType = folder.assetcatalog; path = Assets.xcassets; sourceTree = "<group>"; };
		7B1C1E872BB11C8300FC6ADB /* Base */ = {isa = PBXFileReference; lastKnownFileType = file.storyboard; name = Base; path = Base.lproj/LaunchScreen.storyboard; sourceTree = "<group>"; };
		7B1C1E892BB11C8300FC6ADB /* Info.plist */ = {isa = PBXFileReference; lastKnownFileType = text.plist.xml; path = Info.plist; sourceTree = "<group>"; };
		7BE08C6B2BB11D9F0086D17E /* WeatherData.swift */ = {isa = PBXFileReference; lastKnownFileType = sourcecode.swift; path = WeatherData.swift; sourceTree = "<group>"; };
		7BE08C6D2BB11DB60086D17E /* WeatherService.swift */ = {isa = PBXFileReference; lastKnownFileType = sourcecode.swift; path = WeatherService.swift; sourceTree = "<group>"; };
		7BE08C6F2BB11DCF0086D17E /* WeeklyWeatherCollectionViewCell.swift */ = {isa = PBXFileReference; lastKnownFileType = sourcecode.swift; path = WeeklyWeatherCollectionViewCell.swift; sourceTree = "<group>"; };
		7BE08C722BB11DEA0086D17E /* UIColor + Extension.swift */ = {isa = PBXFileReference; lastKnownFileType = sourcecode.swift; path = "UIColor + Extension.swift"; sourceTree = "<group>"; };
/* End PBXFileReference section */

/* Begin PBXFrameworksBuildPhase section */
		7B1C1E752BB11C8200FC6ADB /* Frameworks */ = {
			isa = PBXFrameworksBuildPhase;
			buildActionMask = 2147483647;
			files = (
			);
			runOnlyForDeploymentPostprocessing = 0;
		};
/* End PBXFrameworksBuildPhase section */

/* Begin PBXGroup section */
		7B1C1E6F2BB11C8200FC6ADB = {
			isa = PBXGroup;
			children = (
				7B1C1E7A2BB11C8200FC6ADB /* Weather App */,
				7B1C1E792BB11C8200FC6ADB /* Products */,
			);
			sourceTree = "<group>";
		};
		7B1C1E792BB11C8200FC6ADB /* Products */ = {
			isa = PBXGroup;
			children = (
				7B1C1E782BB11C8200FC6ADB /* Weather App.app */,
			);
			name = Products;
			sourceTree = "<group>";
		};
		7B1C1E7A2BB11C8200FC6ADB /* Weather App */ = {
			isa = PBXGroup;
			children = (
				7BE08C692BB11D590086D17E /* Application */,
				7BE08C6A2BB11D8E0086D17E /* Model */,
				7B1C1E7F2BB11C8200FC6ADB /* MainViewController.swift */,
				7BE08C6F2BB11DCF0086D17E /* WeeklyWeatherCollectionViewCell.swift */,
				7BE08C712BB11DDD0086D17E /* Extensions */,
				7BE08C742BB11DF60086D17E /* Supports */,
			);
			path = "Weather App";
			sourceTree = "<group>";
		};
		7BE08C692BB11D590086D17E /* Application */ = {
			isa = PBXGroup;
			children = (
				7B1C1E7B2BB11C8200FC6ADB /* AppDelegate.swift */,
				7B1C1E7D2BB11C8200FC6ADB /* SceneDelegate.swift */,
			);
			path = Application;
			sourceTree = "<group>";
		};
		7BE08C6A2BB11D8E0086D17E /* Model */ = {
			isa = PBXGroup;
			children = (
				7BE08C6B2BB11D9F0086D17E /* WeatherData.swift */,
				7BE08C6D2BB11DB60086D17E /* WeatherService.swift */,
			);
			path = Model;
			sourceTree = "<group>";
		};
		7BE08C712BB11DDD0086D17E /* Extensions */ = {
			isa = PBXGroup;
			children = (
				7BE08C722BB11DEA0086D17E /* UIColor + Extension.swift */,
			);
			path = Extensions;
			sourceTree = "<group>";
		};
		7BE08C742BB11DF60086D17E /* Supports */ = {
			isa = PBXGroup;
			children = (
				7B1C1E842BB11C8300FC6ADB /* Assets.xcassets */,
				7B1C1E892BB11C8300FC6ADB /* Info.plist */,
				7B1C1E862BB11C8300FC6ADB /* LaunchScreen.storyboard */,
			);
			path = Supports;
			sourceTree = "<group>";
		};
/* End PBXGroup section */

/* Begin PBXNativeTarget section */
		7B1C1E772BB11C8200FC6ADB /* Weather App */ = {
			isa = PBXNativeTarget;
			buildConfigurationList = 7B1C1E8C2BB11C8300FC6ADB /* Build configuration list for PBXNativeTarget "Weather App" */;
			buildPhases = (
				7B1C1E742BB11C8200FC6ADB /* Sources */,
				7B1C1E752BB11C8200FC6ADB /* Frameworks */,
				7B1C1E762BB11C8200FC6ADB /* Resources */,
			);
			buildRules = (
			);
			dependencies = (
			);
			name = "Weather App";
			productName = "Weather App";
			productReference = 7B1C1E782BB11C8200FC6ADB /* Weather App.app */;
			productType = "com.apple.product-type.application";
		};
/* End PBXNativeTarget section */

/* Begin PBXProject section */
		7B1C1E702BB11C8200FC6ADB /* Project object */ = {
			isa = PBXProject;
			attributes = {
				BuildIndependentTargetsInParallel = 1;
				LastSwiftUpdateCheck = 1530;
				LastUpgradeCheck = 1530;
				TargetAttributes = {
					7B1C1E772BB11C8200FC6ADB = {
						CreatedOnToolsVersion = 15.3;
					};
				};
			};
			buildConfigurationList = 7B1C1E732BB11C8200FC6ADB /* Build configuration list for PBXProject "Weather App" */;
			compatibilityVersion = "Xcode 14.0";
			developmentRegion = en;
			hasScannedForEncodings = 0;
			knownRegions = (
				en,
				Base,
			);
			mainGroup = 7B1C1E6F2BB11C8200FC6ADB;
			productRefGroup = 7B1C1E792BB11C8200FC6ADB /* Products */;
			projectDirPath = "";
			projectRoot = "";
			targets = (
				7B1C1E772BB11C8200FC6ADB /* Weather App */,
			);
		};
/* End PBXProject section */

/* Begin PBXResourcesBuildPhase section */
		7B1C1E762BB11C8200FC6ADB /* Resources */ = {
			isa = PBXResourcesBuildPhase;
			buildActionMask = 2147483647;
			files = (
				7B1C1E852BB11C8300FC6ADB /* Assets.xcassets in Resources */,
				7B1C1E882BB11C8300FC6ADB /* Base in Resources */,
			);
			runOnlyForDeploymentPostprocessing = 0;
		};
/* End PBXResourcesBuildPhase section */

/* Begin PBXSourcesBuildPhase section */
		7B1C1E742BB11C8200FC6ADB /* Sources */ = {
			isa = PBXSourcesBuildPhase;
			buildActionMask = 2147483647;
			files = (
				7BE08C732BB11DEA0086D17E /* UIColor + Extension.swift in Sources */,
				7BE08C702BB11DCF0086D17E /* WeeklyWeatherCollectionViewCell.swift in Sources */,
				7BE08C6E2BB11DB60086D17E /* WeatherService.swift in Sources */,
				7B1C1E802BB11C8200FC6ADB /* MainViewController.swift in Sources */,
				7B1C1E7C2BB11C8200FC6ADB /* AppDelegate.swift in Sources */,
				7BE08C6C2BB11D9F0086D17E /* WeatherData.swift in Sources */,
				7B1C1E7E2BB11C8200FC6ADB /* SceneDelegate.swift in Sources */,
			);
			runOnlyForDeploymentPostprocessing = 0;
		};
/* End PBXSourcesBuildPhase section */

/* Begin PBXVariantGroup section */
		7B1C1E862BB11C8300FC6ADB /* LaunchScreen.storyboard */ = {
			isa = PBXVariantGroup;
			children = (
				7B1C1E872BB11C8300FC6ADB /* Base */,
			);
			name = LaunchScreen.storyboard;
			sourceTree = "<group>";
		};
/* End PBXVariantGroup section */

/* Begin XCBuildConfiguration section */
		7B1C1E8A2BB11C8300FC6ADB /* Debug */ = {
			isa = XCBuildConfiguration;
			buildSettings = {
				ALWAYS_SEARCH_USER_PATHS = NO;
				ASSETCATALOG_COMPILER_GENERATE_SWIFT_ASSET_SYMBOL_EXTENSIONS = YES;
				CLANG_ANALYZER_NONNULL = YES;
				CLANG_ANALYZER_NUMBER_OBJECT_CONVERSION = YES_AGGRESSIVE;
				CLANG_CXX_LANGUAGE_STANDARD = "gnu++20";
				CLANG_ENABLE_MODULES = YES;
				CLANG_ENABLE_OBJC_ARC = YES;
				CLANG_ENABLE_OBJC_WEAK = YES;
				CLANG_WARN_BLOCK_CAPTURE_AUTORELEASING = YES;
				CLANG_WARN_BOOL_CONVERSION = YES;
				CLANG_WARN_COMMA = YES;
				CLANG_WARN_CONSTANT_CONVERSION = YES;
				CLANG_WARN_DEPRECATED_OBJC_IMPLEMENTATIONS = YES;
				CLANG_WARN_DIRECT_OBJC_ISA_USAGE = YES_ERROR;
				CLANG_WARN_DOCUMENTATION_COMMENTS = YES;
				CLANG_WARN_EMPTY_BODY = YES;
				CLANG_WARN_ENUM_CONVERSION = YES;
				CLANG_WARN_INFINITE_RECURSION = YES;
				CLANG_WARN_INT_CONVERSION = YES;
				CLANG_WARN_NON_LITERAL_NULL_CONVERSION = YES;
				CLANG_WARN_OBJC_IMPLICIT_RETAIN_SELF = YES;
				CLANG_WARN_OBJC_LITERAL_CONVERSION = YES;
				CLANG_WARN_OBJC_ROOT_CLASS = YES_ERROR;
				CLANG_WARN_QUOTED_INCLUDE_IN_FRAMEWORK_HEADER = YES;
				CLANG_WARN_RANGE_LOOP_ANALYSIS = YES;
				CLANG_WARN_STRICT_PROTOTYPES = YES;
				CLANG_WARN_SUSPICIOUS_MOVE = YES;
				CLANG_WARN_UNGUARDED_AVAILABILITY = YES_AGGRESSIVE;
				CLANG_WARN_UNREACHABLE_CODE = YES;
				CLANG_WARN__DUPLICATE_METHOD_MATCH = YES;
				COPY_PHASE_STRIP = NO;
				DEBUG_INFORMATION_FORMAT = dwarf;
				ENABLE_STRICT_OBJC_MSGSEND = YES;
				ENABLE_TESTABILITY = YES;
				ENABLE_USER_SCRIPT_SANDBOXING = YES;
				GCC_C_LANGUAGE_STANDARD = gnu17;
				GCC_DYNAMIC_NO_PIC = NO;
				GCC_NO_COMMON_BLOCKS = YES;
				GCC_OPTIMIZATION_LEVEL = 0;
				GCC_PREPROCESSOR_DEFINITIONS = (
					"DEBUG=1",
					"$(inherited)",
				);
				GCC_WARN_64_TO_32_BIT_CONVERSION = YES;
				GCC_WARN_ABOUT_RETURN_TYPE = YES_ERROR;
				GCC_WARN_UNDECLARED_SELECTOR = YES;
				GCC_WARN_UNINITIALIZED_AUTOS = YES_AGGRESSIVE;
				GCC_WARN_UNUSED_FUNCTION = YES;
				GCC_WARN_UNUSED_VARIABLE = YES;
				IPHONEOS_DEPLOYMENT_TARGET = 16.0;
				LOCALIZATION_PREFERS_STRING_CATALOGS = YES;
				MTL_ENABLE_DEBUG_INFO = INCLUDE_SOURCE;
				MTL_FAST_MATH = YES;
				ONLY_ACTIVE_ARCH = YES;
				SDKROOT = iphoneos;
				SWIFT_ACTIVE_COMPILATION_CONDITIONS = "DEBUG $(inherited)";
				SWIFT_OPTIMIZATION_LEVEL = "-Onone";
			};
			name = Debug;
		};
		7B1C1E8B2BB11C8300FC6ADB /* Release */ = {
			isa = XCBuildConfiguration;
			buildSettings = {
				ALWAYS_SEARCH_USER_PATHS = NO;
				ASSETCATALOG_COMPILER_GENERATE_SWIFT_ASSET_SYMBOL_EXTENSIONS = YES;
				CLANG_ANALYZER_NONNULL = YES;
				CLANG_ANALYZER_NUMBER_OBJECT_CONVERSION = YES_AGGRESSIVE;
				CLANG_CXX_LANGUAGE_STANDARD = "gnu++20";
				CLANG_ENABLE_MODULES = YES;
				CLANG_ENABLE_OBJC_ARC = YES;
				CLANG_ENABLE_OBJC_WEAK = YES;
				CLANG_WARN_BLOCK_CAPTURE_AUTORELEASING = YES;
				CLANG_WARN_BOOL_CONVERSION = YES;
				CLANG_WARN_COMMA = YES;
				CLANG_WARN_CONSTANT_CONVERSION = YES;
				CLANG_WARN_DEPRECATED_OBJC_IMPLEMENTATIONS = YES;
				CLANG_WARN_DIRECT_OBJC_ISA_USAGE = YES_ERROR;
				CLANG_WARN_DOCUMENTATION_COMMENTS = YES;
				CLANG_WARN_EMPTY_BODY = YES;
				CLANG_WARN_ENUM_CONVERSION = YES;
				CLANG_WARN_INFINITE_RECURSION = YES;
				CLANG_WARN_INT_CONVERSION = YES;
				CLANG_WARN_NON_LITERAL_NULL_CONVERSION = YES;
				CLANG_WARN_OBJC_IMPLICIT_RETAIN_SELF = YES;
				CLANG_WARN_OBJC_LITERAL_CONVERSION = YES;
				CLANG_WARN_OBJC_ROOT_CLASS = YES_ERROR;
				CLANG_WARN_QUOTED_INCLUDE_IN_FRAMEWORK_HEADER = YES;
				CLANG_WARN_RANGE_LOOP_ANALYSIS = YES;
				CLANG_WARN_STRICT_PROTOTYPES = YES;
				CLANG_WARN_SUSPICIOUS_MOVE = YES;
				CLANG_WARN_UNGUARDED_AVAILABILITY = YES_AGGRESSIVE;
				CLANG_WARN_UNREACHABLE_CODE = YES;
				CLANG_WARN__DUPLICATE_METHOD_MATCH = YES;
				COPY_PHASE_STRIP = NO;
				DEBUG_INFORMATION_FORMAT = "dwarf-with-dsym";
				ENABLE_NS_ASSERTIONS = NO;
				ENABLE_STRICT_OBJC_MSGSEND = YES;
				ENABLE_USER_SCRIPT_SANDBOXING = YES;
				GCC_C_LANGUAGE_STANDARD = gnu17;
				GCC_NO_COMMON_BLOCKS = YES;
				GCC_WARN_64_TO_32_BIT_CONVERSION = YES;
				GCC_WARN_ABOUT_RETURN_TYPE = YES_ERROR;
				GCC_WARN_UNDECLARED_SELECTOR = YES;
				GCC_WARN_UNINITIALIZED_AUTOS = YES_AGGRESSIVE;
				GCC_WARN_UNUSED_FUNCTION = YES;
				GCC_WARN_UNUSED_VARIABLE = YES;
				IPHONEOS_DEPLOYMENT_TARGET = 16.0;
				LOCALIZATION_PREFERS_STRING_CATALOGS = YES;
				MTL_ENABLE_DEBUG_INFO = NO;
				MTL_FAST_MATH = YES;
				SDKROOT = iphoneos;
				SWIFT_COMPILATION_MODE = wholemodule;
				VALIDATE_PRODUCT = YES;
			};
			name = Release;
		};
		7B1C1E8D2BB11C8300FC6ADB /* Debug */ = {
			isa = XCBuildConfiguration;
			buildSettings = {
				ASSETCATALOG_COMPILER_APPICON_NAME = AppIcon;
				ASSETCATALOG_COMPILER_GLOBAL_ACCENT_COLOR_NAME = AccentColor;
				CODE_SIGN_STYLE = Automatic;
				CURRENT_PROJECT_VERSION = 1;
				DEVELOPMENT_TEAM = "";
				GENERATE_INFOPLIST_FILE = YES;
				INFOPLIST_FILE = "Weather App/Supports/Info.plist";
				INFOPLIST_KEY_CFBundleDisplayName = "VK Погода";
				INFOPLIST_KEY_UIApplicationSupportsIndirectInputEvents = YES;
				INFOPLIST_KEY_UILaunchStoryboardName = LaunchScreen;
				INFOPLIST_KEY_UISupportedInterfaceOrientations = UIInterfaceOrientationPortrait;
				INFOPLIST_KEY_UISupportedInterfaceOrientations_iPad = "UIInterfaceOrientationLandscapeLeft UIInterfaceOrientationLandscapeRight UIInterfaceOrientationPortrait UIInterfaceOrientationPortraitUpsideDown";
				IPHONEOS_DEPLOYMENT_TARGET = 16.0;
				LD_RUNPATH_SEARCH_PATHS = (
					"$(inherited)",
					"@executable_path/Frameworks",
				);
				MARKETING_VERSION = 1.0;
				PRODUCT_BUNDLE_IDENTIFIER = "tspodeneyko.Weather-App";
				PRODUCT_NAME = "$(TARGET_NAME)";
				SUPPORTED_PLATFORMS = "iphoneos iphonesimulator";
				SUPPORTS_MACCATALYST = NO;
				SUPPORTS_MAC_DESIGNED_FOR_IPHONE_IPAD = NO;
				SUPPORTS_XR_DESIGNED_FOR_IPHONE_IPAD = NO;
				SWIFT_EMIT_LOC_STRINGS = YES;
				SWIFT_VERSION = 5.0;
				TARGETED_DEVICE_FAMILY = 1;
			};
			name = Debug;
		};
		7B1C1E8E2BB11C8300FC6ADB /* Release */ = {
			isa = XCBuildConfiguration;
			buildSettings = {
				ASSETCATALOG_COMPILER_APPICON_NAME = AppIcon;
				ASSETCATALOG_COMPILER_GLOBAL_ACCENT_COLOR_NAME = AccentColor;
				CODE_SIGN_STYLE = Automatic;
				CURRENT_PROJECT_VERSION = 1;
				DEVELOPMENT_TEAM = "";
				GENERATE_INFOPLIST_FILE = YES;
				INFOPLIST_FILE = "Weather App/Supports/Info.plist";
				INFOPLIST_KEY_CFBundleDisplayName = "VK Погода";
				INFOPLIST_KEY_UIApplicationSupportsIndirectInputEvents = YES;
				INFOPLIST_KEY_UILaunchStoryboardName = LaunchScreen;
				INFOPLIST_KEY_UISupportedInterfaceOrientations = UIInterfaceOrientationPortrait;
				INFOPLIST_KEY_UISupportedInterfaceOrientations_iPad = "UIInterfaceOrientationLandscapeLeft UIInterfaceOrientationLandscapeRight UIInterfaceOrientationPortrait UIInterfaceOrientationPortraitUpsideDown";
				IPHONEOS_DEPLOYMENT_TARGET = 16.0;
				LD_RUNPATH_SEARCH_PATHS = (
					"$(inherited)",
					"@executable_path/Frameworks",
				);
				MARKETING_VERSION = 1.0;
				PRODUCT_BUNDLE_IDENTIFIER = "tspodeneyko.Weather-App";
				PRODUCT_NAME = "$(TARGET_NAME)";
				SUPPORTED_PLATFORMS = "iphoneos iphonesimulator";
				SUPPORTS_MACCATALYST = NO;
				SUPPORTS_MAC_DESIGNED_FOR_IPHONE_IPAD = NO;
				SUPPORTS_XR_DESIGNED_FOR_IPHONE_IPAD = NO;
				SWIFT_EMIT_LOC_STRINGS = YES;
				SWIFT_VERSION = 5.0;
				TARGETED_DEVICE_FAMILY = 1;
			};
			name = Release;
		};
/* End XCBuildConfiguration section */

/* Begin XCConfigurationList section */
		7B1C1E732BB11C8200FC6ADB /* Build configuration list for PBXProject "Weather App" */ = {
			isa = XCConfigurationList;
			buildConfigurations = (
				7B1C1E8A2BB11C8300FC6ADB /* Debug */,
				7B1C1E8B2BB11C8300FC6ADB /* Release */,
			);
			defaultConfigurationIsVisible = 0;
			defaultConfigurationName = Release;
		};
		7B1C1E8C2BB11C8300FC6ADB /* Build configuration list for PBXNativeTarget "Weather App" */ = {
			isa = XCConfigurationList;
			buildConfigurations = (
				7B1C1E8D2BB11C8300FC6ADB /* Debug */,
				7B1C1E8E2BB11C8300FC6ADB /* Release */,
			);
			defaultConfigurationIsVisible = 0;
			defaultConfigurationName = Release;
		};
/* End XCConfigurationList section */
	};
	rootObject = 7B1C1E702BB11C8200FC6ADB /* Project object */;
}
